
Microsoft Visual Studio Solution File, Format Version 12.00
# Visual Studio Version 17
VisualStudioVersion = 17.0.32002.185
MinimumVisualStudioVersion = 10.0.40219.1
Project("{9A19103F-16F7-4668-BE54-9A1E7A4F7556}") = "The Artist", "The Artist.csproj", "{69309393-C384-41DE-8517-1840C43FAACE}"
EndProject
Project("{FAE04EC0-301F-11D3-BF4B-00C04F79EFBC}") = "TheArtist.Tests", "..\TheArtist.Tests\TheArtist.Tests.csproj", "{16200AA3-0548-43DC-93EA-7783D910B8D9}"
EndProject
Global
	GlobalSection(SolutionConfigurationPlatforms) = preSolution
		Debug|Any CPU = Debug|Any CPU
		Release|Any CPU = Release|Any CPU
	EndGlobalSection
	GlobalSection(ProjectConfigurationPlatforms) = postSolution
		{69309393-C384-41DE-8517-1840C43FAACE}.Debug|Any CPU.ActiveCfg = Debug|Any CPU
		{69309393-C384-41DE-8517-1840C43FAACE}.Debug|Any CPU.Build.0 = Debug|Any CPU
		{69309393-C384-41DE-8517-1840C43FAACE}.Release|Any CPU.ActiveCfg = Release|Any CPU
		{69309393-C384-41DE-8517-1840C43FAACE}.Release|Any CPU.Build.0 = Release|Any CPU
		{16200AA3-0548-43DC-93EA-7783D910B8D9}.Debug|Any CPU.ActiveCfg = Debug|Any CPU
		{16200AA3-0548-43DC-93EA-7783D910B8D9}.Debug|Any CPU.Build.0 = Debug|Any CPU
		{16200AA3-0548-43DC-93EA-7783D910B8D9}.Release|Any CPU.ActiveCfg = Release|Any CPU
		{16200AA3-0548-43DC-93EA-7783D910B8D9}.Release|Any CPU.Build.0 = Release|Any CPU
	EndGlobalSection
	GlobalSection(SolutionProperties) = preSolution
		HideSolutionNode = FALSE
	EndGlobalSection
	GlobalSection(ExtensibilityGlobals) = postSolution
		SolutionGuid = {8862806D-FF78-4F46-9386-12E74D15FE07}
	EndGlobalSection
EndGlobal
